<?xml version="1.0" encoding="utf-8"?>
<Project ToolsVersion="4.0" xmlns="http://schemas.microsoft.com/developer/msbuild/2003">
  <ItemGroup>
    <Filter Include="Source Files">
      <UniqueIdentifier>{4FC737F1-C7A5-4376-A066-2A32D752A2FF}</UniqueIdentifier>
      <Extensions>cpp;c;cc;cxx;def;odl;idl;hpj;bat;asm;asmx</Extensions>
    </Filter>
    <Filter Include="Header Files">
      <UniqueIdentifier>{93995380-89BD-4b04-88EB-625FBE52EBFB}</UniqueIdentifier>
      <Extensions>h;hh;hpp;hxx;hm;inl;inc;ipp;xsd</Extensions>
    </Filter>
    <Filter Include="Resource Files">
      <UniqueIdentifier>{67DA6AB6-F800-4c08-8B7A-83BB121AAD01}</UniqueIdentifier>
      <Extensions>rc;ico;cur;bmp;dlg;rc2;rct;bin;rgs;gif;jpg;jpeg;jpe;resx;tiff;tif;png;wav;mfcribbon-ms</Extensions>
    </Filter>
    <Filter Include="Header Files\Core">
      <UniqueIdentifier>{4587ef97-d513-425a-8d3c-0a85d1eb3b5f}</UniqueIdentifier>
    </Filter>
    <Filter Include="Header Files\Entities">
      <UniqueIdentifier>{170695a2-d082-4470-b9ce-2357052bf05e}</UniqueIdentifier>
    </Filter>
    <Filter Include="Header Files\Entities\PowerUps">
      <UniqueIdentifier>{9d7edb2c-0314-4299-8226-065ab9a219d5}</UniqueIdentifier>
    </Filter>
    <Filter Include="Header Files\Entities\Bullets">
      <UniqueIdentifier>{d2d46da5-e32e-4b75-b2af-3c49385e881e}</UniqueIdentifier>
    </Filter>
    <Filter Include="Header Files\Entities\Enemies">
      <UniqueIdentifier>{1e07b6a3-d288-49d0-80f0-489f9d204a5b}</UniqueIdentifier>
    </Filter>
    <Filter Include="Header Files\Factories">
      <UniqueIdentifier>{1ebc65e3-a001-4486-9570-de636afc6c43}</UniqueIdentifier>
    </Filter>
    <Filter Include="Header Files\GameStates">
      <UniqueIdentifier>{94776a66-02b5-4437-8102-8c5dd936b9d6}</UniqueIdentifier>
    </Filter>
    <Filter Include="Header Files\Menu">
      <UniqueIdentifier>{ad46e1d5-ad3a-49ce-b46a-7cc6fe14bdf3}</UniqueIdentifier>
    </Filter>
    <Filter Include="Header Files\Strategy">
      <UniqueIdentifier>{68047ec0-a916-4736-b3c6-268328d55ab4}</UniqueIdentifier>
    </Filter>
    <Filter Include="Header Files\Strategy\MoveStrategy">
      <UniqueIdentifier>{202b0401-b948-4600-b33b-5ef8e3e9f337}</UniqueIdentifier>
    </Filter>
    <Filter Include="Header Files\Utilities">
      <UniqueIdentifier>{fa51d080-8dc8-4d28-85c6-73acf271bfb5}</UniqueIdentifier>
    </Filter>
    <Filter Include="Source Files\Core">
      <UniqueIdentifier>{0942a9d6-2816-42cd-9279-45b119e73795}</UniqueIdentifier>
    </Filter>
    <Filter Include="Source Files\Entities">
      <UniqueIdentifier>{d65888e8-0c9b-401c-acab-c6057bf2831c}</UniqueIdentifier>
    </Filter>
    <Filter Include="Source Files\Entities\Bullet">
      <UniqueIdentifier>{41270abf-ea53-4c4a-922f-901c340a5d2b}</UniqueIdentifier>
    </Filter>
    <Filter Include="Source Files\Entities\Enemies">
      <UniqueIdentifier>{55478c84-4f48-49f6-af4e-2fc387bb9753}</UniqueIdentifier>
    </Filter>
    <Filter Include="Source Files\Entities\PowerUps">
      <UniqueIdentifier>{b373b069-f431-423d-a45a-9cd3a52fd03c}</UniqueIdentifier>
    </Filter>
    <Filter Include="Source Files\Factories">
      <UniqueIdentifier>{a5a41df4-c30c-4e88-b565-b3865ae25daa}</UniqueIdentifier>
    </Filter>
    <Filter Include="Source Files\GameStates">
      <UniqueIdentifier>{58353cf2-1a7e-4d84-bc82-bee71ea32eae}</UniqueIdentifier>
    </Filter>
    <Filter Include="Source Files\Menu">
      <UniqueIdentifier>{f0e0816e-4244-4b05-9319-5140f1270f50}</UniqueIdentifier>
    </Filter>
    <Filter Include="Source Files\Strategy">
      <UniqueIdentifier>{e263c6e6-3f4e-441a-a5ce-43068f889b53}</UniqueIdentifier>
    </Filter>
    <Filter Include="Source Files\Strategy\MoveStrategy">
      <UniqueIdentifier>{73e398e2-9c7c-45ee-bb07-717f3088b020}</UniqueIdentifier>
    </Filter>
    <Filter Include="Source Files\Utilities">
      <UniqueIdentifier>{666e1da7-c494-4f9b-935f-6bd28472f783}</UniqueIdentifier>
    </Filter>
  </ItemGroup>
  <ItemGroup>
    <ClCompile Include="GameManager.cpp">
      <Filter>Source Files\Core</Filter>
    </ClCompile>
    <ClCompile Include="levelManager.cpp">
      <Filter>Source Files\Core</Filter>
    </ClCompile>
    <ClCompile Include="main.cpp">
      <Filter>Source Files\Core</Filter>
    </ClCompile>
    <ClCompile Include="Resources.cpp">
      <Filter>Source Files\Core</Filter>
    </ClCompile>
    <ClCompile Include="Entity.cpp">
      <Filter>Source Files\Entities</Filter>
    </ClCompile>
    <ClCompile Include="Ship.cpp">
      <Filter>Source Files\Entities</Filter>
    </ClCompile>
    <ClCompile Include="Bullet.cpp">
      <Filter>Source Files\Entities\Bullet</Filter>
    </ClCompile>
    <ClCompile Include="DefaultBullet.cpp">
      <Filter>Source Files\Entities\Bullet</Filter>
    </ClCompile>
    <ClCompile Include="SimpleEnemyBullet.cpp">
      <Filter>Source Files\Entities\Bullet</Filter>
    </ClCompile>
    <ClCompile Include="WaveBullet.cpp">
      <Filter>Source Files\Entities\Bullet</Filter>
    </ClCompile>
    <ClCompile Include="BossEnemy.cpp">
      <Filter>Source Files\Entities\Enemies</Filter>
    </ClCompile>
    <ClCompile Include="Enemy.cpp">
      <Filter>Source Files\Entities\Enemies</Filter>
    </ClCompile>
    <ClCompile Include="SimpleEnemy.cpp">
      <Filter>Source Files\Entities\Enemies</Filter>
    </ClCompile>
    <ClCompile Include="SmartEnemy.cpp">
      <Filter>Source Files\Entities\Enemies</Filter>
    </ClCompile>
    <ClCompile Include="ExtraLife.cpp">
      <Filter>Source Files\Entities\PowerUps</Filter>
    </ClCompile>
    <ClCompile Include="PowerUp.cpp">
      <Filter>Source Files\Entities\PowerUps</Filter>
    </ClCompile>
    <ClCompile Include="ShieldPowerUp.cpp">
      <Filter>Source Files\Entities\PowerUps</Filter>
    </ClCompile>
    <ClCompile Include="WaveBulletPowerUp.cpp">
      <Filter>Source Files\Entities\PowerUps</Filter>
    </ClCompile>
    <ClCompile Include="BulletFactory.cpp">
      <Filter>Source Files\Factories</Filter>
    </ClCompile>
    <ClCompile Include="EnemyFactory.cpp">
      <Filter>Source Files\Factories</Filter>
    </ClCompile>
    <ClCompile Include="PowerUpFactory.cpp">
      <Filter>Source Files\Factories</Filter>
    </ClCompile>
    <ClCompile Include="GameOverState.cpp">
      <Filter>Source Files\GameStates</Filter>
    </ClCompile>
    <ClCompile Include="MenuState.cpp">
      <Filter>Source Files\GameStates</Filter>
    </ClCompile>
    <ClCompile Include="PauseState.cpp">
      <Filter>Source Files\GameStates</Filter>
    </ClCompile>
    <ClCompile Include="PlayingState.cpp">
      <Filter>Source Files\GameStates</Filter>
    </ClCompile>
    <ClCompile Include="Exit.cpp">
      <Filter>Source Files\Menu</Filter>
    </ClCompile>
    <ClCompile Include="Help.cpp">
      <Filter>Source Files\Menu</Filter>
    </ClCompile>
    <ClCompile Include="HighScore.cpp">
      <Filter>Source Files\Menu</Filter>
    </ClCompile>
    <ClCompile Include="NewGame.cpp">
      <Filter>Source Files\Menu</Filter>
    </ClCompile>
    <ClCompile Include="BossMove.cpp">
      <Filter>Source Files\Strategy\MoveStrategy</Filter>
    </ClCompile>
    <ClCompile Include="MoveHorizontal.cpp">
      <Filter>Source Files\Strategy\MoveStrategy</Filter>
    </ClCompile>
    <ClCompile Include="SimpleMove.cpp">
      <Filter>Source Files\Strategy\MoveStrategy</Filter>
    </ClCompile>
    <ClCompile Include="Command.cpp">
      <Filter>Source Files\Menu</Filter>
    </ClCompile>
    <ClCompile Include="CollisionHandler.cpp">
      <Filter>Source Files\Utilities</Filter>
    </ClCompile>
    <ClCompile Include="HighScoreManager.cpp">
      <Filter>Source Files\Utilities</Filter>
    </ClCompile>
    <ClCompile Include="Logger.cpp">
      <Filter>Source Files\Utilities</Filter>
    </ClCompile>
  </ItemGroup>
  <ItemGroup>
    <ClInclude Include="GameManager.h">
      <Filter>Header Files\Core</Filter>
    </ClInclude>
    <ClInclude Include="levelManager.h">
      <Filter>Header Files\Core</Filter>
    </ClInclude>
    <ClInclude Include="Macros.h">
      <Filter>Header Files\Core</Filter>
    </ClInclude>
    <ClInclude Include="Resources.h">
      <Filter>Header Files\Core</Filter>
    </ClInclude>
    <ClInclude Include="Entity.h">
      <Filter>Header Files\Entities</Filter>
    </ClInclude>
    <ClInclude Include="Ship.h">
      <Filter>Header Files\Entities</Filter>
    </ClInclude>
    <ClInclude Include="Weaponable.h">
      <Filter>Header Files\Entities</Filter>
    </ClInclude>
    <ClInclude Include="Bullet.h">
      <Filter>Header Files\Entities\Bullets</Filter>
    </ClInclude>
    <ClInclude Include="DefaultBullet.h">
      <Filter>Header Files\Entities\Bullets</Filter>
    </ClInclude>
    <ClInclude Include="SimpleEnemyBullet.h">
      <Filter>Header Files\Entities\Bullets</Filter>
    </ClInclude>
    <ClInclude Include="WaveBullet.h">
      <Filter>Header Files\Entities\Bullets</Filter>
    </ClInclude>
    <ClInclude Include="BossEnemy.h">
      <Filter>Header Files\Entities\Enemies</Filter>
    </ClInclude>
    <ClInclude Include="Enemy.h">
      <Filter>Header Files\Entities\Enemies</Filter>
    </ClInclude>
    <ClInclude Include="SimpleEnemy.h">
      <Filter>Header Files\Entities\Enemies</Filter>
    </ClInclude>
    <ClInclude Include="SmartEnemy.h">
      <Filter>Header Files\Entities\Enemies</Filter>
    </ClInclude>
    <ClInclude Include="ExtraLife.h">
      <Filter>Header Files\Entities\PowerUps</Filter>
    </ClInclude>
    <ClInclude Include="PowerUp.h">
      <Filter>Header Files\Entities\PowerUps</Filter>
    </ClInclude>
    <ClInclude Include="ShieldPowerUp.h">
      <Filter>Header Files\Entities\PowerUps</Filter>
    </ClInclude>
    <ClInclude Include="WaveBulletPowerUp.h">
      <Filter>Header Files\Entities\PowerUps</Filter>
    </ClInclude>
    <ClInclude Include="PowerUpFactory.h">
      <Filter>Header Files\Factories</Filter>
    </ClInclude>
    <ClInclude Include="EnemyFactory.h">
      <Filter>Header Files\Factories</Filter>
    </ClInclude>
    <ClInclude Include="BulletFactory.h">
      <Filter>Header Files\Factories</Filter>
    </ClInclude>
    <ClInclude Include="State.h">
      <Filter>Header Files\GameStates</Filter>
    </ClInclude>
    <ClInclude Include="PlayingState.h">
      <Filter>Header Files\GameStates</Filter>
    </ClInclude>
    <ClInclude Include="PauseState.h">
      <Filter>Header Files\GameStates</Filter>
    </ClInclude>
    <ClInclude Include="MenuState.h">
      <Filter>Header Files\GameStates</Filter>
    </ClInclude>
    <ClInclude Include="GameOverState.h">
      <Filter>Header Files\GameStates</Filter>
    </ClInclude>
    <ClInclude Include="Command.h">
      <Filter>Header Files\Menu</Filter>
    </ClInclude>
    <ClInclude Include="Exit.h">
      <Filter>Header Files\Menu</Filter>
    </ClInclude>
    <ClInclude Include="Help.h">
      <Filter>Header Files\Menu</Filter>
    </ClInclude>
    <ClInclude Include="HighScore.h">
      <Filter>Header Files\Menu</Filter>
    </ClInclude>
    <ClInclude Include="NewGame.h">
      <Filter>Header Files\Menu</Filter>
    </ClInclude>
    <ClInclude Include="BossMove.h">
      <Filter>Header Files\Strategy\MoveStrategy</Filter>
    </ClInclude>
    <ClInclude Include="MoveHorizontal.h">
      <Filter>Header Files\Strategy\MoveStrategy</Filter>
    </ClInclude>
    <ClInclude Include="MoveStrategy.h">
      <Filter>Header Files\Strategy\MoveStrategy</Filter>
    </ClInclude>
    <ClInclude Include="SimpleMove.h">
      <Filter>Header Files\Strategy\MoveStrategy</Filter>
    </ClInclude>
    <ClInclude Include="Chronometer.hpp">
      <Filter>Header Files\Utilities</Filter>
    </ClInclude>
    <ClInclude Include="CollisionHandler.h">
      <Filter>Header Files\Utilities</Filter>
    </ClInclude>
    <ClInclude Include="HighScoreManager.h">
      <Filter>Header Files\Utilities</Filter>
    </ClInclude>
    <ClInclude Include="Logger.h">
      <Filter>Header Files\Utilities</Filter>
    </ClInclude>
    <ClInclude Include="MyExceptions.h">
      <Filter>Header Files\Utilities</Filter>
    </ClInclude>
  </ItemGroup>
  <ItemGroup>
    <Text Include="highscore.txt" />
    <Text Include="log.txt" />
  </ItemGroup>
  <ItemGroup>
    <None Include="ClassDiagram.cd" />
  </ItemGroup>
</Project>